hash: bed72ffd73cc41bdea0ae420d9c3d3317935e7766ab7ead9fbee7213325bc8c8
updated: 2017-05-18T21:09:09.140208614-04:00
imports:
- name: github.com/inconshreveable/mousetrap
  version: 76626ae9c91c4f2a10f34cad8ce83ea42c93bb75
- name: github.com/jteeuwen/go-pkg-rss
  version: 72391e6fd7384785fa3c46a405214a616d6c4a1d
- name: github.com/jteeuwen/go-pkg-xmlx
  version: 76f54ee73233b171ca9ee82ef837a1fc4d3809c0
- name: github.com/spf13/cobra
  version: fb1f39915d092e6ecbdb38c0861170bdf4416800
- name: github.com/spf13/pflag
  version: e57e3eeb33f795204c1ca35f56c44f83227c6e66
testImports: []
